// !$*UTF8*$!
{
	archiveVersion = 1;
	classes = {
	};
	objectVersion = 46;
	objects = {

/* Begin PBXBuildFile section */
		9AC3226F1ACFD67400E37AD5 /* main.m in Sources */ = {isa = PBXBuildFile; fileRef = 9AC3226E1ACFD67400E37AD5 /* main.m */; };
		9AC322721ACFD67400E37AD5 /* AppDelegate.m in Sources */ = {isa = PBXBuildFile; fileRef = 9AC322711ACFD67400E37AD5 /* AppDelegate.m */; };
		9AC3227A1ACFD67400E37AD5 /* Images.xcassets in Resources */ = {isa = PBXBuildFile; fileRef = 9AC322791ACFD67400E37AD5 /* Images.xcassets */; };
		9AC3227D1ACFD67400E37AD5 /* LaunchScreen.xib in Resources */ = {isa = PBXBuildFile; fileRef = 9AC3227B1ACFD67400E37AD5 /* LaunchScreen.xib */; };
		9AC322891ACFD67400E37AD5 /* CYLWebViewControllerTests.m in Sources */ = {isa = PBXBuildFile; fileRef = 9AC322881ACFD67400E37AD5 /* CYLWebViewControllerTests.m */; };
		9AC322CB1ACFE83600E37AD5 /* ALView+PureLayout.m in Sources */ = {isa = PBXBuildFile; fileRef = 9AC322B91ACFE83600E37AD5 /* ALView+PureLayout.m */; };
		9AC322CC1ACFE83600E37AD5 /* NSArray+PureLayout.m in Sources */ = {isa = PBXBuildFile; fileRef = 9AC322BB1ACFE83600E37AD5 /* NSArray+PureLayout.m */; };
		9AC322CD1ACFE83600E37AD5 /* NSLayoutConstraint+PureLayout.m in Sources */ = {isa = PBXBuildFile; fileRef = 9AC322BD1ACFE83600E37AD5 /* NSLayoutConstraint+PureLayout.m */; };
		9AC322CE1ACFE83600E37AD5 /* BackArrowButton.m in Sources */ = {isa = PBXBuildFile; fileRef = 9AC322C31ACFE83600E37AD5 /* BackArrowButton.m */; };
		9AC322CF1ACFE83600E37AD5 /* CustomButton.m in Sources */ = {isa = PBXBuildFile; fileRef = 9AC322C51ACFE83600E37AD5 /* CustomButton.m */; };
		9AC322D01ACFE83600E37AD5 /* ForwardArrowButton.m in Sources */ = {isa = PBXBuildFile; fileRef = 9AC322C71ACFE83600E37AD5 /* ForwardArrowButton.m */; };
		9AC322D11ACFE83600E37AD5 /* ShareButton.m in Sources */ = {isa = PBXBuildFile; fileRef = 9AC322C91ACFE83600E37AD5 /* ShareButton.m */; };
		9AC322F51ACFEB0B00E37AD5 /* CYLWebViewController.m in Sources */ = {isa = PBXBuildFile; fileRef = 9AC322F41ACFEB0B00E37AD5 /* CYLWebViewController.m */; };
/* End PBXBuildFile section */

/* Begin PBXContainerItemProxy section */
		9AC322831ACFD67400E37AD5 /* PBXContainerItemProxy */ = {
			isa = PBXContainerItemProxy;
			containerPortal = 9AC322611ACFD67400E37AD5 /* Project object */;
			proxyType = 1;
			remoteGlobalIDString = 9AC322681ACFD67400E37AD5;
			remoteInfo = CYLWebViewController;
		};
/* End PBXContainerItemProxy section */

/* Begin PBXFileReference section */
		9AC322691ACFD67400E37AD5 /* CYLWebViewController.app */ = {isa = PBXFileReference; explicitFileType = wrapper.application; includeInIndex = 0; path = CYLWebViewController.app; sourceTree = BUILT_PRODUCTS_DIR; };
		9AC3226D1ACFD67400E37AD5 /* Info.plist */ = {isa = PBXFileReference; lastKnownFileType = text.plist.xml; path = Info.plist; sourceTree = "<group>"; };
		9AC3226E1ACFD67400E37AD5 /* main.m */ = {isa = PBXFileReference; lastKnownFileType = sourcecode.c.objc; path = main.m; sourceTree = "<group>"; };
		9AC322701ACFD67400E37AD5 /* AppDelegate.h */ = {isa = PBXFileReference; lastKnownFileType = sourcecode.c.h; path = AppDelegate.h; sourceTree = "<group>"; };
		9AC322711ACFD67400E37AD5 /* AppDelegate.m */ = {isa = PBXFileReference; lastKnownFileType = sourcecode.c.objc; path = AppDelegate.m; sourceTree = "<group>"; };
		9AC322791ACFD67400E37AD5 /* Images.xcassets */ = {isa = PBXFileReference; lastKnownFileType = folder.assetcatalog; path = Images.xcassets; sourceTree = "<group>"; };
		9AC3227C1ACFD67400E37AD5 /* Base */ = {isa = PBXFileReference; lastKnownFileType = file.xib; name = Base; path = Base.lproj/LaunchScreen.xib; sourceTree = "<group>"; };
		9AC322821ACFD67400E37AD5 /* CYLWebViewControllerTests.xctest */ = {isa = PBXFileReference; explicitFileType = wrapper.cfbundle; includeInIndex = 0; path = CYLWebViewControllerTests.xctest; sourceTree = BUILT_PRODUCTS_DIR; };
		9AC322871ACFD67400E37AD5 /* Info.plist */ = {isa = PBXFileReference; lastKnownFileType = text.plist.xml; path = Info.plist; sourceTree = "<group>"; };
		9AC322881ACFD67400E37AD5 /* CYLWebViewControllerTests.m */ = {isa = PBXFileReference; lastKnownFileType = sourcecode.c.objc; path = CYLWebViewControllerTests.m; sourceTree = "<group>"; };
		9AC322B81ACFE83600E37AD5 /* ALView+PureLayout.h */ = {isa = PBXFileReference; fileEncoding = 4; lastKnownFileType = sourcecode.c.h; path = "ALView+PureLayout.h"; sourceTree = "<group>"; };
		9AC322B91ACFE83600E37AD5 /* ALView+PureLayout.m */ = {isa = PBXFileReference; fileEncoding = 4; lastKnownFileType = sourcecode.c.objc; path = "ALView+PureLayout.m"; sourceTree = "<group>"; };
		9AC322BA1ACFE83600E37AD5 /* NSArray+PureLayout.h */ = {isa = PBXFileReference; fileEncoding = 4; lastKnownFileType = sourcecode.c.h; path = "NSArray+PureLayout.h"; sourceTree = "<group>"; };
		9AC322BB1ACFE83600E37AD5 /* NSArray+PureLayout.m */ = {isa = PBXFileReference; fileEncoding = 4; lastKnownFileType = sourcecode.c.objc; path = "NSArray+PureLayout.m"; sourceTree = "<group>"; };
		9AC322BC1ACFE83600E37AD5 /* NSLayoutConstraint+PureLayout.h */ = {isa = PBXFileReference; fileEncoding = 4; lastKnownFileType = sourcecode.c.h; path = "NSLayoutConstraint+PureLayout.h"; sourceTree = "<group>"; };
		9AC322BD1ACFE83600E37AD5 /* NSLayoutConstraint+PureLayout.m */ = {isa = PBXFileReference; fileEncoding = 4; lastKnownFileType = sourcecode.c.objc; path = "NSLayoutConstraint+PureLayout.m"; sourceTree = "<group>"; };
		9AC322BE1ACFE83600E37AD5 /* PureLayout+Internal.h */ = {isa = PBXFileReference; fileEncoding = 4; lastKnownFileType = sourcecode.c.h; path = "PureLayout+Internal.h"; sourceTree = "<group>"; };
		9AC322BF1ACFE83600E37AD5 /* PureLayout.h */ = {isa = PBXFileReference; fileEncoding = 4; lastKnownFileType = sourcecode.c.h; path = PureLayout.h; sourceTree = "<group>"; };
		9AC322C01ACFE83600E37AD5 /* PureLayoutDefines.h */ = {isa = PBXFileReference; fileEncoding = 4; lastKnownFileType = sourcecode.c.h; path = PureLayoutDefines.h; sourceTree = "<group>"; };
		9AC322C21ACFE83600E37AD5 /* BackArrowButton.h */ = {isa = PBXFileReference; fileEncoding = 4; lastKnownFileType = sourcecode.c.h; path = BackArrowButton.h; sourceTree = "<group>"; };
		9AC322C31ACFE83600E37AD5 /* BackArrowButton.m */ = {isa = PBXFileReference; fileEncoding = 4; lastKnownFileType = sourcecode.c.objc; path = BackArrowButton.m; sourceTree = "<group>"; };
		9AC322C41ACFE83600E37AD5 /* CustomButton.h */ = {isa = PBXFileReference; fileEncoding = 4; lastKnownFileType = sourcecode.c.h; path = CustomButton.h; sourceTree = "<group>"; };
		9AC322C51ACFE83600E37AD5 /* CustomButton.m */ = {isa = PBXFileReference; fileEncoding = 4; lastKnownFileType = sourcecode.c.objc; path = CustomButton.m; sourceTree = "<group>"; };
		9AC322C61ACFE83600E37AD5 /* ForwardArrowButton.h */ = {isa = PBXFileReference; fileEncoding = 4; lastKnownFileType = sourcecode.c.h; path = ForwardArrowButton.h; sourceTree = "<group>"; };
		9AC322C71ACFE83600E37AD5 /* ForwardArrowButton.m */ = {isa = PBXFileReference; fileEncoding = 4; lastKnownFileType = sourcecode.c.objc; path = ForwardArrowButton.m; sourceTree = "<group>"; };
		9AC322C81ACFE83600E37AD5 /* ShareButton.h */ = {isa = PBXFileReference; fileEncoding = 4; lastKnownFileType = sourcecode.c.h; path = ShareButton.h; sourceTree = "<group>"; };
		9AC322C91ACFE83600E37AD5 /* ShareButton.m */ = {isa = PBXFileReference; fileEncoding = 4; lastKnownFileType = sourcecode.c.objc; path = ShareButton.m; sourceTree = "<group>"; };
		9AC322F31ACFEB0B00E37AD5 /* CYLWebViewController.h */ = {isa = PBXFileReference; fileEncoding = 4; lastKnownFileType = sourcecode.c.h; path = CYLWebViewController.h; sourceTree = "<group>"; };
		9AC322F41ACFEB0B00E37AD5 /* CYLWebViewController.m */ = {isa = PBXFileReference; fileEncoding = 4; lastKnownFileType = sourcecode.c.objc; path = CYLWebViewController.m; sourceTree = "<group>"; };
/* End PBXFileReference section */

/* Begin PBXFrameworksBuildPhase section */
		9AC322661ACFD67400E37AD5 /* Frameworks */ = {
			isa = PBXFrameworksBuildPhase;
			buildActionMask = 2147483647;
			files = (
			);
			runOnlyForDeploymentPostprocessing = 0;
		};
		9AC3227F1ACFD67400E37AD5 /* Frameworks */ = {
			isa = PBXFrameworksBuildPhase;
			buildActionMask = 2147483647;
			files = (
			);
			runOnlyForDeploymentPostprocessing = 0;
		};
/* End PBXFrameworksBuildPhase section */

/* Begin PBXGroup section */
		9AC322601ACFD67400E37AD5 = {
			isa = PBXGroup;
			children = (
				9AC3226B1ACFD67400E37AD5 /* CYLWebViewController */,
				9AC322851ACFD67400E37AD5 /* CYLWebViewControllerTests */,
				9AC3226A1ACFD67400E37AD5 /* Products */,
			);
			sourceTree = "<group>";
		};
		9AC3226A1ACFD67400E37AD5 /* Products */ = {
			isa = PBXGroup;
			children = (
				9AC322691ACFD67400E37AD5 /* CYLWebViewController.app */,
				9AC322821ACFD67400E37AD5 /* CYLWebViewControllerTests.xctest */,
			);
			name = Products;
			sourceTree = "<group>";
		};
		9AC3226B1ACFD67400E37AD5 /* CYLWebViewController */ = {
			isa = PBXGroup;
			children = (
				9AC322B11ACFE83600E37AD5 /* Classes */,
				9AC322701ACFD67400E37AD5 /* AppDelegate.h */,
				9AC322711ACFD67400E37AD5 /* AppDelegate.m */,
				9AC322791ACFD67400E37AD5 /* Images.xcassets */,
				9AC3227B1ACFD67400E37AD5 /* LaunchScreen.xib */,
				9AC3226C1ACFD67400E37AD5 /* Supporting Files */,
			);
			path = CYLWebViewController;
			sourceTree = "<group>";
		};
		9AC3226C1ACFD67400E37AD5 /* Supporting Files */ = {
			isa = PBXGroup;
			children = (
				9AC3226D1ACFD67400E37AD5 /* Info.plist */,
				9AC3226E1ACFD67400E37AD5 /* main.m */,
			);
			name = "Supporting Files";
			sourceTree = "<group>";
		};
		9AC322851ACFD67400E37AD5 /* CYLWebViewControllerTests */ = {
			isa = PBXGroup;
			children = (
				9AC322881ACFD67400E37AD5 /* CYLWebViewControllerTests.m */,
				9AC322861ACFD67400E37AD5 /* Supporting Files */,
			);
			path = CYLWebViewControllerTests;
			sourceTree = "<group>";
		};
		9AC322861ACFD67400E37AD5 /* Supporting Files */ = {
			isa = PBXGroup;
			children = (
				9AC322871ACFD67400E37AD5 /* Info.plist */,
			);
			name = "Supporting Files";
			sourceTree = "<group>";
		};
		9AC322B11ACFE83600E37AD5 /* Classes */ = {
			isa = PBXGroup;
			children = (
				9AC322B21ACFE83600E37AD5 /* Controller */,
				9AC322B51ACFE83600E37AD5 /* Tool */,
				9AC322C11ACFE83600E37AD5 /* View */,
			);
			path = Classes;
			sourceTree = "<group>";
		};
		9AC322B21ACFE83600E37AD5 /* Controller */ = {
			isa = PBXGroup;
			children = (
				9AC322F31ACFEB0B00E37AD5 /* CYLWebViewController.h */,
				9AC322F41ACFEB0B00E37AD5 /* CYLWebViewController.m */,
			);
			path = Controller;
			sourceTree = "<group>";
		};
		9AC322B51ACFE83600E37AD5 /* Tool */ = {
			isa = PBXGroup;
			children = (
				9AC322B61ACFE83600E37AD5 /* Lib */,
			);
			path = Tool;
			sourceTree = "<group>";
		};
		9AC322B61ACFE83600E37AD5 /* Lib */ = {
			isa = PBXGroup;
			children = (
				9AC322B71ACFE83600E37AD5 /* PureLayout */,
			);
			path = Lib;
			sourceTree = "<group>";
		};
		9AC322B71ACFE83600E37AD5 /* PureLayout */ = {
			isa = PBXGroup;
			children = (
				9AC322B81ACFE83600E37AD5 /* ALView+PureLayout.h */,
				9AC322B91ACFE83600E37AD5 /* ALView+PureLayout.m */,
				9AC322BA1ACFE83600E37AD5 /* NSArray+PureLayout.h */,
				9AC322BB1ACFE83600E37AD5 /* NSArray+PureLayout.m */,
				9AC322BC1ACFE83600E37AD5 /* NSLayoutConstraint+PureLayout.h */,
				9AC322BD1ACFE83600E37AD5 /* NSLayoutConstraint+PureLayout.m */,
				9AC322BE1ACFE83600E37AD5 /* PureLayout+Internal.h */,
				9AC322BF1ACFE83600E37AD5 /* PureLayout.h */,
				9AC322C01ACFE83600E37AD5 /* PureLayoutDefines.h */,
			);
			path = PureLayout;
			sourceTree = "<group>";
		};
		9AC322C11ACFE83600E37AD5 /* View */ = {
			isa = PBXGroup;
			children = (
				9AC322C21ACFE83600E37AD5 /* BackArrowButton.h */,
				9AC322C31ACFE83600E37AD5 /* BackArrowButton.m */,
				9AC322C41ACFE83600E37AD5 /* CustomButton.h */,
				9AC322C51ACFE83600E37AD5 /* CustomButton.m */,
				9AC322C61ACFE83600E37AD5 /* ForwardArrowButton.h */,
				9AC322C71ACFE83600E37AD5 /* ForwardArrowButton.m */,
				9AC322C81ACFE83600E37AD5 /* ShareButton.h */,
				9AC322C91ACFE83600E37AD5 /* ShareButton.m */,
			);
			path = View;
			sourceTree = "<group>";
		};
/* End PBXGroup section */

/* Begin PBXNativeTarget section */
		9AC322681ACFD67400E37AD5 /* CYLWebViewController */ = {
			isa = PBXNativeTarget;
			buildConfigurationList = 9AC3228C1ACFD67400E37AD5 /* Build configuration list for PBXNativeTarget "CYLWebViewController" */;
			buildPhases = (
				9AC322651ACFD67400E37AD5 /* Sources */,
				9AC322661ACFD67400E37AD5 /* Frameworks */,
				9AC322671ACFD67400E37AD5 /* Resources */,
			);
			buildRules = (
			);
			dependencies = (
			);
			name = CYLWebViewController;
			productName = CYLWebViewController;
			productReference = 9AC322691ACFD67400E37AD5 /* CYLWebViewController.app */;
			productType = "com.apple.product-type.application";
		};
		9AC322811ACFD67400E37AD5 /* CYLWebViewControllerTests */ = {
			isa = PBXNativeTarget;
			buildConfigurationList = 9AC3228F1ACFD67400E37AD5 /* Build configuration list for PBXNativeTarget "CYLWebViewControllerTests" */;
			buildPhases = (
				9AC3227E1ACFD67400E37AD5 /* Sources */,
				9AC3227F1ACFD67400E37AD5 /* Frameworks */,
				9AC322801ACFD67400E37AD5 /* Resources */,
			);
			buildRules = (
			);
			dependencies = (
				9AC322841ACFD67400E37AD5 /* PBXTargetDependency */,
			);
			name = CYLWebViewControllerTests;
			productName = CYLWebViewControllerTests;
			productReference = 9AC322821ACFD67400E37AD5 /* CYLWebViewControllerTests.xctest */;
			productType = "com.apple.product-type.bundle.unit-test";
		};
/* End PBXNativeTarget section */

/* Begin PBXProject section */
		9AC322611ACFD67400E37AD5 /* Project object */ = {
			isa = PBXProject;
			attributes = {
				LastUpgradeCheck = 0620;
				ORGANIZATIONNAME = chenyilong;
				TargetAttributes = {
					9AC322681ACFD67400E37AD5 = {
						CreatedOnToolsVersion = 6.2;
					};
					9AC322811ACFD67400E37AD5 = {
						CreatedOnToolsVersion = 6.2;
						TestTargetID = 9AC322681ACFD67400E37AD5;
					};
				};
			};
			buildConfigurationList = 9AC322641ACFD67400E37AD5 /* Build configuration list for PBXProject "CYLWebViewController" */;
			compatibilityVersion = "Xcode 3.2";
			developmentRegion = English;
			hasScannedForEncodings = 0;
			knownRegions = (
				en,
				Base,
			);
			mainGroup = 9AC322601ACFD67400E37AD5;
			productRefGroup = 9AC3226A1ACFD67400E37AD5 /* Products */;
			projectDirPath = "";
			projectRoot = "";
			targets = (
				9AC322681ACFD67400E37AD5 /* CYLWebViewController */,
				9AC322811ACFD67400E37AD5 /* CYLWebViewControllerTests */,
			);
		};
/* End PBXProject section */

/* Begin PBXResourcesBuildPhase section */
		9AC322671ACFD67400E37AD5 /* Resources */ = {
			isa = PBXResourcesBuildPhase;
			buildActionMask = 2147483647;
			files = (
				9AC3227D1ACFD67400E37AD5 /* LaunchScreen.xib in Resources */,
				9AC3227A1ACFD67400E37AD5 /* Images.xcassets in Resources */,
			);
			runOnlyForDeploymentPostprocessing = 0;
		};
		9AC322801ACFD67400E37AD5 /* Resources */ = {
			isa = PBXResourcesBuildPhase;
			buildActionMask = 2147483647;
			files = (
			);
			runOnlyForDeploymentPostprocessing = 0;
		};
/* End PBXResourcesBuildPhase section */

/* Begin PBXSourcesBuildPhase section */
		9AC322651ACFD67400E37AD5 /* Sources */ = {
			isa = PBXSourcesBuildPhase;
			buildActionMask = 2147483647;
			files = (
				9AC322F51ACFEB0B00E37AD5 /* CYLWebViewController.m in Sources */,
				9AC322D01ACFE83600E37AD5 /* ForwardArrowButton.m in Sources */,
				9AC322CF1ACFE83600E37AD5 /* CustomButton.m in Sources */,
				9AC322721ACFD67400E37AD5 /* AppDelegate.m in Sources */,
				9AC322D11ACFE83600E37AD5 /* ShareButton.m in Sources */,
				9AC3226F1ACFD67400E37AD5 /* main.m in Sources */,
				9AC322CB1ACFE83600E37AD5 /* ALView+PureLayout.m in Sources */,
				9AC322CE1ACFE83600E37AD5 /* BackArrowButton.m in Sources */,
				9AC322CC1ACFE83600E37AD5 /* NSArray+PureLayout.m in Sources */,
				9AC322CD1ACFE83600E37AD5 /* NSLayoutConstraint+PureLayout.m in Sources */,
			);
			runOnlyForDeploymentPostprocessing = 0;
		};
		9AC3227E1ACFD67400E37AD5 /* Sources */ = {
			isa = PBXSourcesBuildPhase;
			buildActionMask = 2147483647;
			files = (
				9AC322891ACFD67400E37AD5 /* CYLWebViewControllerTests.m in Sources */,
			);
			runOnlyForDeploymentPostprocessing = 0;
		};
/* End PBXSourcesBuildPhase section */

/* Begin PBXTargetDependency section */
		9AC322841ACFD67400E37AD5 /* PBXTargetDependency */ = {
			isa = PBXTargetDependency;
			target = 9AC322681ACFD67400E37AD5 /* CYLWebViewController */;
			targetProxy = 9AC322831ACFD67400E37AD5 /* PBXContainerItemProxy */;
		};
/* End PBXTargetDependency section */

/* Begin PBXVariantGroup section */
		9AC3227B1ACFD67400E37AD5 /* LaunchScreen.xib */ = {
			isa = PBXVariantGroup;
			children = (
				9AC3227C1ACFD67400E37AD5 /* Base */,
			);
			name = LaunchScreen.xib;
			sourceTree = "<group>";
		};
/* End PBXVariantGroup section */

/* Begin XCBuildConfiguration section */
		9AC3228A1ACFD67400E37AD5 /* Debug */ = {
			isa = XCBuildConfiguration;
			buildSettings = {
				ALWAYS_SEARCH_USER_PATHS = NO;
				CLANG_CXX_LANGUAGE_STANDARD = "gnu++0x";
				CLANG_CXX_LIBRARY = "libc++";
				CLANG_ENABLE_MODULES = YES;
				CLANG_ENABLE_OBJC_ARC = YES;
				CLANG_WARN_BOOL_CONVERSION = YES;
				CLANG_WARN_CONSTANT_CONVERSION = YES;
				CLANG_WARN_DIRECT_OBJC_ISA_USAGE = YES_ERROR;
				CLANG_WARN_EMPTY_BODY = YES;
				CLANG_WARN_ENUM_CONVERSION = YES;
				CLANG_WARN_INT_CONVERSION = YES;
				CLANG_WARN_OBJC_ROOT_CLASS = YES_ERROR;
				CLANG_WARN_UNREACHABLE_CODE = YES;
				CLANG_WARN__DUPLICATE_METHOD_MATCH = YES;
				"CODE_SIGN_IDENTITY[sdk=iphoneos*]" = "iPhone Developer";
				COPY_PHASE_STRIP = NO;
				ENABLE_STRICT_OBJC_MSGSEND = YES;
				GCC_C_LANGUAGE_STANDARD = gnu99;
				GCC_DYNAMIC_NO_PIC = NO;
				GCC_OPTIMIZATION_LEVEL = 0;
				GCC_PREPROCESSOR_DEFINITIONS = (
					"DEBUG=1",
					"$(inherited)",
				);
				GCC_SYMBOLS_PRIVATE_EXTERN = NO;
				GCC_WARN_64_TO_32_BIT_CONVERSION = YES;
				GCC_WARN_ABOUT_RETURN_TYPE = YES_ERROR;
				GCC_WARN_UNDECLARED_SELECTOR = YES;
				GCC_WARN_UNINITIALIZED_AUTOS = YES_AGGRESSIVE;
				GCC_WARN_UNUSED_FUNCTION = YES;
				GCC_WARN_UNUSED_VARIABLE = YES;
				IPHONEOS_DEPLOYMENT_TARGET = 7.0;
				MTL_ENABLE_DEBUG_INFO = YES;
				ONLY_ACTIVE_ARCH = YES;
				SDKROOT = iphoneos;
			};
			name = Debug;
		};
		9AC3228B1ACFD67400E37AD5 /* Release */ = {
			isa = XCBuildConfiguration;
			buildSettings = {
				ALWAYS_SEARCH_USER_PATHS = NO;
				CLANG_CXX_LANGUAGE_STANDARD = "gnu++0x";
				CLANG_CXX_LIBRARY = "libc++";
				CLANG_ENABLE_MODULES = YES;
				CLANG_ENABLE_OBJC_ARC = YES;
				CLANG_WARN_BOOL_CONVERSION = YES;
				CLANG_WARN_CONSTANT_CONVERSION = YES;
				CLANG_WARN_DIRECT_OBJC_ISA_USAGE = YES_ERROR;
				CLANG_WARN_EMPTY_BODY = YES;
				CLANG_WARN_ENUM_CONVERSION = YES;
				CLANG_WARN_INT_CONVERSION = YES;
				CLANG_WARN_OBJC_ROOT_CLASS = YES_ERROR;
				CLANG_WARN_UNREACHABLE_CODE = YES;
				CLANG_WARN__DUPLICATE_METHOD_MATCH = YES;
				"CODE_SIGN_IDENTITY[sdk=iphoneos*]" = "iPhone Developer";
				COPY_PHASE_STRIP = NO;
				ENABLE_NS_ASSERTIONS = NO;
				ENABLE_STRICT_OBJC_MSGSEND = YES;
				GCC_C_LANGUAGE_STANDARD = gnu99;
				GCC_WARN_64_TO_32_BIT_CONVERSION = YES;
				GCC_WARN_ABOUT_RETURN_TYPE = YES_ERROR;
				GCC_WARN_UNDECLARED_SELECTOR = YES;
				GCC_WARN_UNINITIALIZED_AUTOS = YES_AGGRESSIVE;
				GCC_WARN_UNUSED_FUNCTION = YES;
				GCC_WARN_UNUSED_VARIABLE = YES;
				IPHONEOS_DEPLOYMENT_TARGET = 7.0;
				MTL_ENABLE_DEBUG_INFO = NO;
				SDKROOT = iphoneos;
				VALIDATE_PRODUCT = YES;
			};
			name = Release;
		};
		9AC3228D1ACFD67400E37AD5 /* Debug */ = {
			isa = XCBuildConfiguration;
			buildSettings = {
				ASSETCATALOG_COMPILER_APPICON_NAME = AppIcon;
				INFOPLIST_FILE = CYLWebViewController/Info.plist;
				IPHONEOS_DEPLOYMENT_TARGET = 7.0;
				LD_RUNPATH_SEARCH_PATHS = "$(inherited) @executable_path/Frameworks";
				PRODUCT_NAME = "$(TARGET_NAME)";
			};
			name = Debug;
		};
		9AC3228E1ACFD67400E37AD5 /* Release */ = {
			isa = XCBuildConfiguration;
			buildSettings = {
				ASSETCATALOG_COMPILER_APPICON_NAME = AppIcon;
				INFOPLIST_FILE = CYLWebViewController/Info.plist;
				IPHONEOS_DEPLOYMENT_TARGET = 7.0;
				LD_RUNPATH_SEARCH_PATHS = "$(inherited) @executable_path/Frameworks";
				PRODUCT_NAME = "$(TARGET_NAME)";
			};
			name = Release;
		};
		9AC322901ACFD67400E37AD5 /* Debug */ = {
			isa = XCBuildConfiguration;
			buildSettings = {
				BUNDLE_LOADER = "$(TEST_HOST)";
				FRAMEWORK_SEARCH_PATHS = (
					"$(SDKROOT)/Developer/Library/Frameworks",
					"$(inherited)",
				);
				GCC_PREPROCESSOR_DEFINITIONS = (
					"DEBUG=1",
					"$(inherited)",
				);
				INFOPLIST_FILE = CYLWebViewControllerTests/Info.plist;
				LD_RUNPATH_SEARCH_PATHS = "$(inherited) @executable_path/Frameworks @loader_path/Frameworks";
				PRODUCT_NAME = "$(TARGET_NAME)";
				TEST_HOST = "$(BUILT_PRODUCTS_DIR)/CYLWebViewController.app/CYLWebViewController";
			};
			name = Debug;
		};
		9AC322911ACFD67400E37AD5 /* Release */ = {
			isa = XCBuildConfiguration;
			buildSettings = {
				BUNDLE_LOADER = "$(TEST_HOST)";
				FRAMEWORK_SEARCH_PATHS = (
					"$(SDKROOT)/Developer/Library/Frameworks",
					"$(inherited)",
				);
				INFOPLIST_FILE = CYLWebViewControllerTests/Info.plist;
				LD_RUNPATH_SEARCH_PATHS = "$(inherited) @executable_path/Frameworks @loader_path/Frameworks";
				PRODUCT_NAME = "$(TARGET_NAME)";
				TEST_HOST = "$(BUILT_PRODUCTS_DIR)/CYLWebViewController.app/CYLWebViewController";
			};
			name = Release;
		};
/* End XCBuildConfiguration section */

/* Begin XCConfigurationList section */
		9AC322641ACFD67400E37AD5 /* Build configuration list for PBXProject "CYLWebViewController" */ = {
			isa = XCConfigurationList;
			buildConfigurations = (
				9AC3228A1ACFD67400E37AD5 /* Debug */,
				9AC3228B1ACFD67400E37AD5 /* Release */,
			);
			defaultConfigurationIsVisible = 0;
			defaultConfigurationName = Release;
		};
		9AC3228C1ACFD67400E37AD5 /* Build configuration list for PBXNativeTarget "CYLWebViewController" */ = {
			isa = XCConfigurationList;
			buildConfigurations = (
				9AC3228D1ACFD67400E37AD5 /* Debug */,
				9AC3228E1ACFD67400E37AD5 /* Release */,
			);
			defaultConfigurationIsVisible = 0;
			defaultConfigurationName = Release;
		};
		9AC3228F1ACFD67400E37AD5 /* Build configuration list for PBXNativeTarget "CYLWebViewControllerTests" */ = {
			isa = XCConfigurationList;
			buildConfigurations = (
				9AC322901ACFD67400E37AD5 /* Debug */,
				9AC322911ACFD67400E37AD5 /* Release */,
			);
			defaultConfigurationIsVisible = 0;
			defaultConfigurationName = Release;
		};
/* End XCConfigurationList section */
	};
	rootObject = 9AC322611ACFD67400E37AD5 /* Project object */;
}
